
Microsoft Visual Studio Solution File, Format Version 12.00
# Visual Studio Version 17
VisualStudioVersion = 17.3.32901.215
MinimumVisualStudioVersion = 10.0.40219.1
Project("{FAE04EC0-301F-11D3-BF4B-00C04F79EFBC}") = "2048", "2048\2048.csproj", "{60FF8539-7BD1-455B-A374-0352134495EE}"
EndProject
Global
	GlobalSection(SolutionConfigurationPlatforms) = preSolution
		Debug|Any CPU = Debug|Any CPU
		Release|Any CPU = Release|Any CPU
	EndGlobalSection
	GlobalSection(ProjectConfigurationPlatforms) = postSolution
		{60FF8539-7BD1-455B-A374-0352134495EE}.Debug|Any CPU.ActiveCfg = Debug|Any CPU
		{60FF8539-7BD1-455B-A374-0352134495EE}.Debug|Any CPU.Build.0 = Debug|Any CPU
		{60FF8539-7BD1-455B-A374-0352134495EE}.Release|Any CPU.ActiveCfg = Release|Any CPU
		{60FF8539-7BD1-455B-A374-0352134495EE}.Release|Any CPU.Build.0 = Release|Any CPU
	EndGlobalSection
	GlobalSection(SolutionProperties) = preSolution
		HideSolutionNode = FALSE
	EndGlobalSection
	GlobalSection(ExtensibilityGlobals) = postSolution
		SolutionGuid = {96FFAB72-BCF7-45C9-A6C8-03810FA84B55}
	EndGlobalSection
EndGlobal
